
Microsoft Visual Studio Solution File, Format Version 12.00
# Visual Studio Version 16
VisualStudioVersion = 16.0.32126.315
MinimumVisualStudioVersion = 10.0.40219.1
Project("{FAE04EC0-301F-11D3-BF4B-00C04F79EFBC}") = "Task.17.6.6", "Task.17.6.6\Task.17.6.6.csproj", "{EFD6C3E2-2592-4754-906A-36F7D3D6A476}"
EndProject
Global
	GlobalSection(SolutionConfigurationPlatforms) = preSolution
		Debug|Any CPU = Debug|Any CPU
		Release|Any CPU = Release|Any CPU
	EndGlobalSection
	GlobalSection(ProjectConfigurationPlatforms) = postSolution
		{EFD6C3E2-2592-4754-906A-36F7D3D6A476}.Debug|Any CPU.ActiveCfg = Debug|Any CPU
		{EFD6C3E2-2592-4754-906A-36F7D3D6A476}.Debug|Any CPU.Build.0 = Debug|Any CPU
		{EFD6C3E2-2592-4754-906A-36F7D3D6A476}.Release|Any CPU.ActiveCfg = Release|Any CPU
		{EFD6C3E2-2592-4754-906A-36F7D3D6A476}.Release|Any CPU.Build.0 = Release|Any CPU
	EndGlobalSection
	GlobalSection(SolutionProperties) = preSolution
		HideSolutionNode = FALSE
	EndGlobalSection
	GlobalSection(ExtensibilityGlobals) = postSolution
		SolutionGuid = {D47B7592-8274-44D5-ABF2-27BFB6C74B86}
	EndGlobalSection
EndGlobal
